
Microsoft Visual Studio Solution File, Format Version 12.00
# Visual Studio Version 17
VisualStudioVersion = 17.14.36616.10 d17.14
MinimumVisualStudioVersion = 10.0.40219.1
Project("{FAE04EC0-301F-11D3-BF4B-00C04F79EFBC}") = "RpcControllerClient", "RpcControllerClient\RpcControllerClient.csproj", "{AA865D3F-D64F-406C-91A4-E4CE1F5665CF}"
EndProject
Global
	GlobalSection(SolutionConfigurationPlatforms) = preSolution
		Debug|Any CPU = Debug|Any CPU
		Release|Any CPU = Release|Any CPU
	EndGlobalSection
	GlobalSection(ProjectConfigurationPlatforms) = postSolution
		{AA865D3F-D64F-406C-91A4-E4CE1F5665CF}.Debug|Any CPU.ActiveCfg = Debug|Any CPU
		{AA865D3F-D64F-406C-91A4-E4CE1F5665CF}.Debug|Any CPU.Build.0 = Debug|Any CPU
		{AA865D3F-D64F-406C-91A4-E4CE1F5665CF}.Release|Any CPU.ActiveCfg = Release|Any CPU
		{AA865D3F-D64F-406C-91A4-E4CE1F5665CF}.Release|Any CPU.Build.0 = Release|Any CPU
	EndGlobalSection
	GlobalSection(SolutionProperties) = preSolution
		HideSolutionNode = FALSE
	EndGlobalSection
	GlobalSection(ExtensibilityGlobals) = postSolution
		SolutionGuid = {F9DE3F46-C3C1-463B-AC52-A0B225E03F80}
	EndGlobalSection
EndGlobal
